
Microsoft Visual Studio Solution File, Format Version 12.00
# Visual Studio Version 17
VisualStudioVersion = 17.3.32929.385
MinimumVisualStudioVersion = 10.0.40219.1
Project("{FAE04EC0-301F-11D3-BF4B-00C04F79EFBC}") = "WebAppAPI_QLNV", "WebAppAPI_QLNV\WebAppAPI_QLNV.csproj", "{6F9CFC0A-23BE-4E8D-B9FD-709C4B5017FE}"
EndProject
Project("{2150E333-8FDC-42A3-9474-1A3956D46DE8}") = "Solution Items", "Solution Items", "{1959026C-EA7A-4636-9595-A36412CF19E3}"
	ProjectSection(SolutionItems) = preProject
		.editorconfig = .editorconfig
	EndProjectSection
EndProject
Project("{FAE04EC0-301F-11D3-BF4B-00C04F79EFBC}") = "WebApplication1", "WebApplication1\WebApplication1.csproj", "{669C5B2B-BDE3-436D-A858-6507A9DAF7B5}"
EndProject
Global
	GlobalSection(SolutionConfigurationPlatforms) = preSolution
		Debug|Any CPU = Debug|Any CPU
		Release|Any CPU = Release|Any CPU
	EndGlobalSection
	GlobalSection(ProjectConfigurationPlatforms) = postSolution
		{6F9CFC0A-23BE-4E8D-B9FD-709C4B5017FE}.Debug|Any CPU.ActiveCfg = Debug|Any CPU
		{6F9CFC0A-23BE-4E8D-B9FD-709C4B5017FE}.Debug|Any CPU.Build.0 = Debug|Any CPU
		{6F9CFC0A-23BE-4E8D-B9FD-709C4B5017FE}.Release|Any CPU.ActiveCfg = Release|Any CPU
		{6F9CFC0A-23BE-4E8D-B9FD-709C4B5017FE}.Release|Any CPU.Build.0 = Release|Any CPU
		{669C5B2B-BDE3-436D-A858-6507A9DAF7B5}.Debug|Any CPU.ActiveCfg = Debug|Any CPU
		{669C5B2B-BDE3-436D-A858-6507A9DAF7B5}.Debug|Any CPU.Build.0 = Debug|Any CPU
		{669C5B2B-BDE3-436D-A858-6507A9DAF7B5}.Release|Any CPU.ActiveCfg = Release|Any CPU
		{669C5B2B-BDE3-436D-A858-6507A9DAF7B5}.Release|Any CPU.Build.0 = Release|Any CPU
	EndGlobalSection
	GlobalSection(SolutionProperties) = preSolution
		HideSolutionNode = FALSE
	EndGlobalSection
	GlobalSection(ExtensibilityGlobals) = postSolution
		SolutionGuid = {B10A27C1-A81F-44D3-B691-4D2333A76E00}
	EndGlobalSection
EndGlobal
